{
  "name": "@web-atoms/font-awesome",
  "version": "1.0.6",
  "lockfileVersion": 1,
  "requires": true,
  "dependencies": {
    "@fortawesome/fontawesome-free": {
      "version": "5.12.0",
      "resolved": "https://registry.npmjs.org/@fortawesome/fontawesome-free/-/fontawesome-free-5.12.0.tgz",
      "integrity": "sha512-vKDJUuE2GAdBERaQWmmtsciAMzjwNrROXA5KTGSZvayAsmuTGjam5z6QNqNPCwDfVljLWuov1nEC3mEQf/n6fQ==",
      "dev": true
    },
    "@web-atoms/core": {
      "version": "1.1.27",
      "resolved": "https://registry.npmjs.org/@web-atoms/core/-/core-1.1.27.tgz",
      "integrity": "sha512-13Yz5DjzWvveSFesZfqUqtGnJgalyTNa32QDRb4TvlbiKj7ViuwAQK/wnuJagbx+ed/qaRkcziTpVAzJ8Y8AhA==",
      "requires": {
        "@web-atoms/date-time": "^1.0.21",
        "reflect-metadata": "^0.1.13"
      }
    },
    "@web-atoms/date-time": {
      "version": "1.0.22",
      "resolved": "https://registry.npmjs.org/@web-atoms/date-time/-/date-time-1.0.22.tgz",
      "integrity": "sha512-r8rCSARoL+x10z8TPcHgfQL0Ky+/QYhqd4EyXEiNNeKCV++xSFqJWfZ1RO5lNubrU3QklqqcbzQQD/h2077/cw=="
    },
    "reflect-metadata": {
      "version": "0.1.13",
      "resolved": "https://registry.npmjs.org/reflect-metadata/-/reflect-metadata-0.1.13.tgz",
      "integrity": "sha512-Ts1Y/anZELhSsjMcU605fU9RE4Oi3p5ORujwbIKXfWa+0Zxs510Qrmrce5/Jowq3cHSZSJqBjypxmHarc+vEWg=="
    }
  }
}
